
Microsoft Visual Studio Solution File, Format Version 11.00
# Visual Studio 2010
Project("{FAE04EC0-301F-11D3-BF4B-00C04F79EFBC}") = "UnityEngine.UI", "UnityEngine.UI.csproj", "{8c128bad-74c4-c0bb-b048-a5cf73a38375}"
EndProject
Project("{FAE04EC0-301F-11D3-BF4B-00C04F79EFBC}") = "UnityEngine.TestRunner", "UnityEngine.TestRunner.csproj", "{c5df9f86-3e35-0f6e-0780-12c348a8f8b9}"
EndProject
Project("{FAE04EC0-301F-11D3-BF4B-00C04F79EFBC}") = "Assembly-CSharp", "Assembly-CSharp.csproj", "{c8b121fc-dcad-64f6-d94b-a2f8a1e16f8b}"
EndProject
Project("{FAE04EC0-301F-11D3-BF4B-00C04F79EFBC}") = "Unity.Timeline", "Unity.Timeline.csproj", "{75938cc8-f2a3-116f-17cf-96b867241c41}"
EndProject
Project("{FAE04EC0-301F-11D3-BF4B-00C04F79EFBC}") = "Unity.TextMeshPro", "Unity.TextMeshPro.csproj", "{1e9d8133-b3c0-17bd-0e56-d1d2e01d3482}"
EndProject
Project("{FAE04EC0-301F-11D3-BF4B-00C04F79EFBC}") = "UnityEditor.TestRunner", "UnityEditor.TestRunner.csproj", "{dc10e17c-24dc-35bd-a8db-a688248033af}"
EndProject
Project("{FAE04EC0-301F-11D3-BF4B-00C04F79EFBC}") = "UnityEditor.UI", "UnityEditor.UI.csproj", "{40bef3b2-29b8-ac71-3915-c13baaf77135}"
EndProject
Project("{FAE04EC0-301F-11D3-BF4B-00C04F79EFBC}") = "Unity.Timeline.Editor", "Unity.Timeline.Editor.csproj", "{1ab14fdb-60c7-f132-d25e-208624437cc6}"
EndProject
Project("{FAE04EC0-301F-11D3-BF4B-00C04F79EFBC}") = "Unity.VisualStudio.Editor", "Unity.VisualStudio.Editor.csproj", "{8643a316-aa09-b962-622b-b4547b9ef234}"
EndProject
Project("{FAE04EC0-301F-11D3-BF4B-00C04F79EFBC}") = "Unity.TextMeshPro.Editor", "Unity.TextMeshPro.Editor.csproj", "{a488b018-47ab-0d4a-57db-ae71fc1ffc22}"
EndProject
Project("{FAE04EC0-301F-11D3-BF4B-00C04F79EFBC}") = "Unity.Rider.Editor", "Unity.Rider.Editor.csproj", "{d7d2fb5a-e54f-260f-35b8-1d3c97282b93}"
EndProject
Project("{FAE04EC0-301F-11D3-BF4B-00C04F79EFBC}") = "Unity.2D.Sprite.Editor", "Unity.2D.Sprite.Editor.csproj", "{48541e89-8dce-b7cf-6c07-af8269495d1c}"
EndProject
Project("{FAE04EC0-301F-11D3-BF4B-00C04F79EFBC}") = "Unity.VSCode.Editor", "Unity.VSCode.Editor.csproj", "{0ba6f64d-cd0e-cd39-bf03-c711232cae16}"
EndProject
Project("{FAE04EC0-301F-11D3-BF4B-00C04F79EFBC}") = "Assembly-CSharp-Editor", "Assembly-CSharp-Editor.csproj", "{e4dec26b-e93c-15bf-eee8-f9adcfbd04ee}"
EndProject
Project("{FAE04EC0-301F-11D3-BF4B-00C04F79EFBC}") = "Unity.2D.Sprite.Package.EditorTests", "Unity.2D.Sprite.Package.EditorTests.csproj", "{b66baa94-4f5d-fe7b-dad2-bde4b5f1e7eb}"
EndProject
Project("{FAE04EC0-301F-11D3-BF4B-00C04F79EFBC}") = "Unity.TextMeshPro.Editor.Tests", "Unity.TextMeshPro.Editor.Tests.csproj", "{6bdbdb39-5a80-4492-acd3-8b700a755b9d}"
EndProject
Project("{FAE04EC0-301F-11D3-BF4B-00C04F79EFBC}") = "DocCodeExamples", "DocCodeExamples.csproj", "{4b325826-e0dd-47d6-1a68-151553920d3a}"
EndProject
Project("{FAE04EC0-301F-11D3-BF4B-00C04F79EFBC}") = "UnityEngine.UI.Tests", "UnityEngine.UI.Tests.csproj", "{ec0cce37-9382-0e79-9616-1072748078aa}"
EndProject
Project("{FAE04EC0-301F-11D3-BF4B-00C04F79EFBC}") = "Unity.TextMeshPro.Tests", "Unity.TextMeshPro.Tests.csproj", "{e97e0ef1-1a92-d21b-83a5-830a21626c32}"
EndProject
Project("{FAE04EC0-301F-11D3-BF4B-00C04F79EFBC}") = "UnityEditor.UI.EditorTests", "UnityEditor.UI.EditorTests.csproj", "{11f94b24-59b9-02c4-d19d-acc017bb8762}"
EndProject
Project("{FAE04EC0-301F-11D3-BF4B-00C04F79EFBC}") = "Assembly-CSharp-firstpass", "Assembly-CSharp-firstpass.csproj", "{53b18ac0-d048-92cf-8d96-c9ae9f80cfbf}"
EndProject
Global
	GlobalSection(SolutionConfigurationPlatforms) = preSolution
		Debug|Any CPU = Debug|Any CPU
	EndGlobalSection
	GlobalSection(ProjectConfigurationPlatforms) = postSolution
		{8c128bad-74c4-c0bb-b048-a5cf73a38375}.Debug|Any CPU.ActiveCfg = Debug|Any CPU
		{8c128bad-74c4-c0bb-b048-a5cf73a38375}.Debug|Any CPU.Build.0 = Debug|Any CPU
		{c5df9f86-3e35-0f6e-0780-12c348a8f8b9}.Debug|Any CPU.ActiveCfg = Debug|Any CPU
		{c5df9f86-3e35-0f6e-0780-12c348a8f8b9}.Debug|Any CPU.Build.0 = Debug|Any CPU
		{c8b121fc-dcad-64f6-d94b-a2f8a1e16f8b}.Debug|Any CPU.ActiveCfg = Debug|Any CPU
		{c8b121fc-dcad-64f6-d94b-a2f8a1e16f8b}.Debug|Any CPU.Build.0 = Debug|Any CPU
		{75938cc8-f2a3-116f-17cf-96b867241c41}.Debug|Any CPU.ActiveCfg = Debug|Any CPU
		{75938cc8-f2a3-116f-17cf-96b867241c41}.Debug|Any CPU.Build.0 = Debug|Any CPU
		{1e9d8133-b3c0-17bd-0e56-d1d2e01d3482}.Debug|Any CPU.ActiveCfg = Debug|Any CPU
		{1e9d8133-b3c0-17bd-0e56-d1d2e01d3482}.Debug|Any CPU.Build.0 = Debug|Any CPU
		{dc10e17c-24dc-35bd-a8db-a688248033af}.Debug|Any CPU.ActiveCfg = Debug|Any CPU
		{dc10e17c-24dc-35bd-a8db-a688248033af}.Debug|Any CPU.Build.0 = Debug|Any CPU
		{40bef3b2-29b8-ac71-3915-c13baaf77135}.Debug|Any CPU.ActiveCfg = Debug|Any CPU
		{40bef3b2-29b8-ac71-3915-c13baaf77135}.Debug|Any CPU.Build.0 = Debug|Any CPU
		{1ab14fdb-60c7-f132-d25e-208624437cc6}.Debug|Any CPU.ActiveCfg = Debug|Any CPU
		{1ab14fdb-60c7-f132-d25e-208624437cc6}.Debug|Any CPU.Build.0 = Debug|Any CPU
		{8643a316-aa09-b962-622b-b4547b9ef234}.Debug|Any CPU.ActiveCfg = Debug|Any CPU
		{8643a316-aa09-b962-622b-b4547b9ef234}.Debug|Any CPU.Build.0 = Debug|Any CPU
		{a488b018-47ab-0d4a-57db-ae71fc1ffc22}.Debug|Any CPU.ActiveCfg = Debug|Any CPU
		{a488b018-47ab-0d4a-57db-ae71fc1ffc22}.Debug|Any CPU.Build.0 = Debug|Any CPU
		{d7d2fb5a-e54f-260f-35b8-1d3c97282b93}.Debug|Any CPU.ActiveCfg = Debug|Any CPU
		{d7d2fb5a-e54f-260f-35b8-1d3c97282b93}.Debug|Any CPU.Build.0 = Debug|Any CPU
		{48541e89-8dce-b7cf-6c07-af8269495d1c}.Debug|Any CPU.ActiveCfg = Debug|Any CPU
		{48541e89-8dce-b7cf-6c07-af8269495d1c}.Debug|Any CPU.Build.0 = Debug|Any CPU
		{0ba6f64d-cd0e-cd39-bf03-c711232cae16}.Debug|Any CPU.ActiveCfg = Debug|Any CPU
		{0ba6f64d-cd0e-cd39-bf03-c711232cae16}.Debug|Any CPU.Build.0 = Debug|Any CPU
		{e4dec26b-e93c-15bf-eee8-f9adcfbd04ee}.Debug|Any CPU.ActiveCfg = Debug|Any CPU
		{e4dec26b-e93c-15bf-eee8-f9adcfbd04ee}.Debug|Any CPU.Build.0 = Debug|Any CPU
		{b66baa94-4f5d-fe7b-dad2-bde4b5f1e7eb}.Debug|Any CPU.ActiveCfg = Debug|Any CPU
		{b66baa94-4f5d-fe7b-dad2-bde4b5f1e7eb}.Debug|Any CPU.Build.0 = Debug|Any CPU
		{6bdbdb39-5a80-4492-acd3-8b700a755b9d}.Debug|Any CPU.ActiveCfg = Debug|Any CPU
		{6bdbdb39-5a80-4492-acd3-8b700a755b9d}.Debug|Any CPU.Build.0 = Debug|Any CPU
		{4b325826-e0dd-47d6-1a68-151553920d3a}.Debug|Any CPU.ActiveCfg = Debug|Any CPU
		{4b325826-e0dd-47d6-1a68-151553920d3a}.Debug|Any CPU.Build.0 = Debug|Any CPU
		{ec0cce37-9382-0e79-9616-1072748078aa}.Debug|Any CPU.ActiveCfg = Debug|Any CPU
		{ec0cce37-9382-0e79-9616-1072748078aa}.Debug|Any CPU.Build.0 = Debug|Any CPU
		{e97e0ef1-1a92-d21b-83a5-830a21626c32}.Debug|Any CPU.ActiveCfg = Debug|Any CPU
		{e97e0ef1-1a92-d21b-83a5-830a21626c32}.Debug|Any CPU.Build.0 = Debug|Any CPU
		{11f94b24-59b9-02c4-d19d-acc017bb8762}.Debug|Any CPU.ActiveCfg = Debug|Any CPU
		{11f94b24-59b9-02c4-d19d-acc017bb8762}.Debug|Any CPU.Build.0 = Debug|Any CPU
		{53b18ac0-d048-92cf-8d96-c9ae9f80cfbf}.Debug|Any CPU.ActiveCfg = Debug|Any CPU
		{53b18ac0-d048-92cf-8d96-c9ae9f80cfbf}.Debug|Any CPU.Build.0 = Debug|Any CPU
	EndGlobalSection
	GlobalSection(SolutionProperties) = preSolution
		HideSolutionNode = FALSE
	EndGlobalSection
EndGlobal
